<?xml version="1.0" encoding="utf-8"?>
<Project ToolsVersion="4.0" xmlns="http://schemas.microsoft.com/developer/msbuild/2003">
  <ItemGroup>
    <Filter Include="Source Files">
      <UniqueIdentifier>{4FC737F1-C7A5-4376-A066-2A32D752A2FF}</UniqueIdentifier>
      <Extensions>cpp;c;cc;cxx;c++;cppm;ixx;def;odl;idl;hpj;bat;asm;asmx</Extensions>
    </Filter>
    <Filter Include="Resource Files">
      <UniqueIdentifier>{67DA6AB6-F800-4c08-8B7A-83BB121AAD01}</UniqueIdentifier>
      <Extensions>rc;ico;cur;bmp;dlg;rc2;rct;bin;rgs;gif;jpg;jpeg;jpe;resx;tiff;tif;png;wav;mfcribbon-ms</Extensions>
    </Filter>
    <Filter Include="Detours">
      <UniqueIdentifier>{c752578e-d748-44de-86be-ef3abb4a54c0}</UniqueIdentifier>
    </Filter>
    <Filter Include="Tools">
      <UniqueIdentifier>{3bf2c788-f34c-4505-a41a-dbbf2cceccd2}</UniqueIdentifier>
    </Filter>
  </ItemGroup>
  <ItemGroup>
    <ClCompile Include="dllmain.cpp">
      <Filter>Source Files</Filter>
    </ClCompile>
    <ClCompile Include="..\Detours\modules.cpp">
      <Filter>Detours</Filter>
    </ClCompile>
    <ClCompile Include="..\Detours\creatwth.cpp">
      <Filter>Detours</Filter>
    </ClCompile>
    <ClCompile Include="..\Detours\detours.cpp">
      <Filter>Detours</Filter>
    </ClCompile>
    <ClCompile Include="..\Detours\disasm.cpp">
      <Filter>Detours</Filter>
    </ClCompile>
    <ClCompile Include="..\Detours\image.cpp">
      <Filter>Detours</Filter>
    </ClCompile>
    <ClCompile Include="Tools.cpp">
      <Filter>Tools</Filter>
    </ClCompile>
  </ItemGroup>
  <ItemGroup>
    <ClInclude Include="..\Detours\detours.h">
      <Filter>Detours</Filter>
    </ClInclude>
    <ClInclude Include="Tools.h">
      <Filter>Tools</Filter>
    </ClInclude>
  </ItemGroup>
</Project>